
Microsoft Visual Studio Solution File, Format Version 9.00
# Visual Studio 2008
Project("{8BC9CEB8-8B4A-11D0-8D11-00A0C91BC942}") = "libdigidoc", "libdigidoc.vcproj", "{6DB238DD-6FC1-41AD-9317-1795EB40B32A}"
EndProject
Project("{8BC9CEB8-8B4A-11D0-8D11-00A0C91BC942}") = "cdigidoc", "cdigidoc.vcproj", "{53105BC1-6319-4A63-B412-99F3CC31640F}"
	ProjectSection(ProjectDependencies) = postProject
		{6DB238DD-6FC1-41AD-9317-1795EB40B32A} = {6DB238DD-6FC1-41AD-9317-1795EB40B32A}
	EndProjectSection
EndProject
Global
	GlobalSection(SolutionConfigurationPlatforms) = preSolution
		Debug|Win32 = Debug|Win32
		Release|Win32 = Release|Win32
	EndGlobalSection
	GlobalSection(ProjectConfigurationPlatforms) = postSolution
		{6DB238DD-6FC1-41AD-9317-1795EB40B32A}.Debug|Win32.ActiveCfg = Debug|Win32
		{6DB238DD-6FC1-41AD-9317-1795EB40B32A}.Debug|Win32.Build.0 = Debug|Win32
		{6DB238DD-6FC1-41AD-9317-1795EB40B32A}.Release|Win32.ActiveCfg = Release|Win32
		{6DB238DD-6FC1-41AD-9317-1795EB40B32A}.Release|Win32.Build.0 = Release|Win32
		{39E94F79-A838-468B-B53A-EED12E16828D}.Debug|Win32.ActiveCfg = Debug|Win32
		{39E94F79-A838-468B-B53A-EED12E16828D}.Debug|Win32.Build.0 = Debug|Win32
		{39E94F79-A838-468B-B53A-EED12E16828D}.Release|Win32.ActiveCfg = Release|Win32
		{39E94F79-A838-468B-B53A-EED12E16828D}.Release|Win32.Build.0 = Release|Win32
		{7755CEE2-DDE2-417D-9AF9-8422C79F1C30}.Debug|Win32.ActiveCfg = Debug|Win32
		{7755CEE2-DDE2-417D-9AF9-8422C79F1C30}.Debug|Win32.Build.0 = Debug|Win32
		{7755CEE2-DDE2-417D-9AF9-8422C79F1C30}.Release|Win32.ActiveCfg = Release|Win32
		{7755CEE2-DDE2-417D-9AF9-8422C79F1C30}.Release|Win32.Build.0 = Release|Win32
		{53105BC1-6319-4A63-B412-99F3CC31640F}.Debug|Win32.ActiveCfg = Debug|Win32
		{53105BC1-6319-4A63-B412-99F3CC31640F}.Debug|Win32.Build.0 = Debug|Win32
		{53105BC1-6319-4A63-B412-99F3CC31640F}.Release|Win32.ActiveCfg = Release|Win32
		{53105BC1-6319-4A63-B412-99F3CC31640F}.Release|Win32.Build.0 = Release|Win32
	EndGlobalSection
	GlobalSection(SolutionProperties) = preSolution
		HideSolutionNode = FALSE
	EndGlobalSection
EndGlobal
